// !$*UTF8*$!
{
	archiveVersion = 1;
	classes = {
	};
	objectVersion = 50;
	objects = {

/* Begin PBXBuildFile section */
		753A498A26D46D4B005ACCF2 /* EthereumKit.h in Headers */ = {isa = PBXBuildFile; fileRef = 753A498826D46D4B005ACCF2 /* EthereumKit.h */; settings = {ATTRIBUTES = (Public, ); }; };
		753A49AD26D47356005ACCF2 /* TransactionService.swift in Sources */ = {isa = PBXBuildFile; fileRef = 753A49A726D47355005ACCF2 /* TransactionService.swift */; };
		753A49AE26D47356005ACCF2 /* EtherCoordinator.swift in Sources */ = {isa = PBXBuildFile; fileRef = 753A49A826D47355005ACCF2 /* EtherCoordinator.swift */; };
		753A49AF26D47356005ACCF2 /* BalanceService.swift in Sources */ = {isa = PBXBuildFile; fileRef = 753A49A926D47356005ACCF2 /* BalanceService.swift */; };
		753A49B026D47356005ACCF2 /* AccountService.swift in Sources */ = {isa = PBXBuildFile; fileRef = 753A49AA26D47356005ACCF2 /* AccountService.swift */; };
		753A49B126D47356005ACCF2 /* WalletError.swift in Sources */ = {isa = PBXBuildFile; fileRef = 753A49AB26D47356005ACCF2 /* WalletError.swift */; };
		753A49B226D47356005ACCF2 /* InfoService.swift in Sources */ = {isa = PBXBuildFile; fileRef = 753A49AC26D47356005ACCF2 /* InfoService.swift */; };
		8C9A799E08F78743731B8213 /* Pods_EthereumKit.framework in Frameworks */ = {isa = PBXBuildFile; fileRef = 3BAA9290038F4D959E0BBF63 /* Pods_EthereumKit.framework */; };
/* End PBXBuildFile section */

/* Begin PBXFileReference section */
		0085A393308683C57E2F9B89 /* Pods-EthereumKit.release.xcconfig */ = {isa = PBXFileReference; includeInIndex = 1; lastKnownFileType = text.xcconfig; name = "Pods-EthereumKit.release.xcconfig"; path = "Target Support Files/Pods-EthereumKit/Pods-EthereumKit.release.xcconfig"; sourceTree = "<group>"; };
		3BAA9290038F4D959E0BBF63 /* Pods_EthereumKit.framework */ = {isa = PBXFileReference; explicitFileType = wrapper.framework; includeInIndex = 0; path = Pods_EthereumKit.framework; sourceTree = BUILT_PRODUCTS_DIR; };
		5A7FA8987AE7CD106638FAA9 /* Pods-EthereumKit.debug.xcconfig */ = {isa = PBXFileReference; includeInIndex = 1; lastKnownFileType = text.xcconfig; name = "Pods-EthereumKit.debug.xcconfig"; path = "Target Support Files/Pods-EthereumKit/Pods-EthereumKit.debug.xcconfig"; sourceTree = "<group>"; };
		753A498526D46D4B005ACCF2 /* EthereumKit.framework */ = {isa = PBXFileReference; explicitFileType = wrapper.framework; includeInIndex = 0; path = EthereumKit.framework; sourceTree = BUILT_PRODUCTS_DIR; };
		753A498826D46D4B005ACCF2 /* EthereumKit.h */ = {isa = PBXFileReference; lastKnownFileType = sourcecode.c.h; path = EthereumKit.h; sourceTree = "<group>"; };
		753A498926D46D4B005ACCF2 /* Info.plist */ = {isa = PBXFileReference; lastKnownFileType = text.plist.xml; path = Info.plist; sourceTree = "<group>"; };
		753A49A726D47355005ACCF2 /* TransactionService.swift */ = {isa = PBXFileReference; fileEncoding = 4; lastKnownFileType = sourcecode.swift; path = TransactionService.swift; sourceTree = "<group>"; };
		753A49A826D47355005ACCF2 /* EtherCoordinator.swift */ = {isa = PBXFileReference; fileEncoding = 4; lastKnownFileType = sourcecode.swift; path = EtherCoordinator.swift; sourceTree = "<group>"; };
		753A49A926D47356005ACCF2 /* BalanceService.swift */ = {isa = PBXFileReference; fileEncoding = 4; lastKnownFileType = sourcecode.swift; path = BalanceService.swift; sourceTree = "<group>"; };
		753A49AA26D47356005ACCF2 /* AccountService.swift */ = {isa = PBXFileReference; fileEncoding = 4; lastKnownFileType = sourcecode.swift; path = AccountService.swift; sourceTree = "<group>"; };
		753A49AB26D47356005ACCF2 /* WalletError.swift */ = {isa = PBXFileReference; fileEncoding = 4; lastKnownFileType = sourcecode.swift; path = WalletError.swift; sourceTree = "<group>"; };
		753A49AC26D47356005ACCF2 /* InfoService.swift */ = {isa = PBXFileReference; fileEncoding = 4; lastKnownFileType = sourcecode.swift; path = InfoService.swift; sourceTree = "<group>"; };
/* End PBXFileReference section */

/* Begin PBXFrameworksBuildPhase section */
		753A498226D46D4B005ACCF2 /* Frameworks */ = {
			isa = PBXFrameworksBuildPhase;
			buildActionMask = 2147483647;
			files = (
				8C9A799E08F78743731B8213 /* Pods_EthereumKit.framework in Frameworks */,
			);
			runOnlyForDeploymentPostprocessing = 0;
		};
/* End PBXFrameworksBuildPhase section */

/* Begin PBXGroup section */
		473B7DDC55FA1052F9279FFC /* Pods */ = {
			isa = PBXGroup;
			children = (
				5A7FA8987AE7CD106638FAA9 /* Pods-EthereumKit.debug.xcconfig */,
				0085A393308683C57E2F9B89 /* Pods-EthereumKit.release.xcconfig */,
			);
			path = Pods;
			sourceTree = "<group>";
		};
		753A497B26D46D4B005ACCF2 = {
			isa = PBXGroup;
			children = (
				753A498726D46D4B005ACCF2 /* EthereumKit */,
				753A498626D46D4B005ACCF2 /* Products */,
				473B7DDC55FA1052F9279FFC /* Pods */,
				BCA958E457E47A44AFB675E6 /* Frameworks */,
			);
			sourceTree = "<group>";
		};
		753A498626D46D4B005ACCF2 /* Products */ = {
			isa = PBXGroup;
			children = (
				753A498526D46D4B005ACCF2 /* EthereumKit.framework */,
			);
			name = Products;
			sourceTree = "<group>";
		};
		753A498726D46D4B005ACCF2 /* EthereumKit */ = {
			isa = PBXGroup;
			children = (
				753A49B626D473AB005ACCF2 /* Sources */,
				753A498826D46D4B005ACCF2 /* EthereumKit.h */,
				753A498926D46D4B005ACCF2 /* Info.plist */,
			);
			path = EthereumKit;
			sourceTree = "<group>";
		};
		753A49B626D473AB005ACCF2 /* Sources */ = {
			isa = PBXGroup;
			children = (
				753A49AA26D47356005ACCF2 /* AccountService.swift */,
				753A49A926D47356005ACCF2 /* BalanceService.swift */,
				753A49A826D47355005ACCF2 /* EtherCoordinator.swift */,
				753A49AC26D47356005ACCF2 /* InfoService.swift */,
				753A49A726D47355005ACCF2 /* TransactionService.swift */,
				753A49AB26D47356005ACCF2 /* WalletError.swift */,
			);
			path = Sources;
			sourceTree = "<group>";
		};
		BCA958E457E47A44AFB675E6 /* Frameworks */ = {
			isa = PBXGroup;
			children = (
				3BAA9290038F4D959E0BBF63 /* Pods_EthereumKit.framework */,
			);
			name = Frameworks;
			sourceTree = "<group>";
		};
/* End PBXGroup section */

/* Begin PBXHeadersBuildPhase section */
		753A498026D46D4B005ACCF2 /* Headers */ = {
			isa = PBXHeadersBuildPhase;
			buildActionMask = 2147483647;
			files = (
				753A498A26D46D4B005ACCF2 /* EthereumKit.h in Headers */,
			);
			runOnlyForDeploymentPostprocessing = 0;
		};
/* End PBXHeadersBuildPhase section */

/* Begin PBXNativeTarget section */
		753A498426D46D4B005ACCF2 /* EthereumKit */ = {
			isa = PBXNativeTarget;
			buildConfigurationList = 753A498D26D46D4B005ACCF2 /* Build configuration list for PBXNativeTarget "EthereumKit" */;
			buildPhases = (
				78A10F8CDF4CB50966742CDC /* [CP] Check Pods Manifest.lock */,
				753A498026D46D4B005ACCF2 /* Headers */,
				753A498126D46D4B005ACCF2 /* Sources */,
				753A498226D46D4B005ACCF2 /* Frameworks */,
				753A498326D46D4B005ACCF2 /* Resources */,
			);
			buildRules = (
			);
			dependencies = (
			);
			name = EthereumKit;
			productName = EthereumKit;
			productReference = 753A498526D46D4B005ACCF2 /* EthereumKit.framework */;
			productType = "com.apple.product-type.framework";
		};
/* End PBXNativeTarget section */

/* Begin PBXProject section */
		753A497C26D46D4B005ACCF2 /* Project object */ = {
			isa = PBXProject;
			attributes = {
				LastUpgradeCheck = 1200;
				TargetAttributes = {
					753A498426D46D4B005ACCF2 = {
						CreatedOnToolsVersion = 12.0;
						LastSwiftMigration = 1200;
					};
				};
			};
			buildConfigurationList = 753A497F26D46D4B005ACCF2 /* Build configuration list for PBXProject "EthereumKit" */;
			compatibilityVersion = "Xcode 9.3";
			developmentRegion = en;
			hasScannedForEncodings = 0;
			knownRegions = (
				en,
				Base,
			);
			mainGroup = 753A497B26D46D4B005ACCF2;
			productRefGroup = 753A498626D46D4B005ACCF2 /* Products */;
			projectDirPath = "";
			projectRoot = "";
			targets = (
				753A498426D46D4B005ACCF2 /* EthereumKit */,
			);
		};
/* End PBXProject section */

/* Begin PBXResourcesBuildPhase section */
		753A498326D46D4B005ACCF2 /* Resources */ = {
			isa = PBXResourcesBuildPhase;
			buildActionMask = 2147483647;
			files = (
			);
			runOnlyForDeploymentPostprocessing = 0;
		};
/* End PBXResourcesBuildPhase section */

/* Begin PBXShellScriptBuildPhase section */
		78A10F8CDF4CB50966742CDC /* [CP] Check Pods Manifest.lock */ = {
			isa = PBXShellScriptBuildPhase;
			buildActionMask = 2147483647;
			files = (
			);
			inputFileListPaths = (
			);
			inputPaths = (
				"${PODS_PODFILE_DIR_PATH}/Podfile.lock",
				"${PODS_ROOT}/Manifest.lock",
			);
			name = "[CP] Check Pods Manifest.lock";
			outputFileListPaths = (
			);
			outputPaths = (
				"$(DERIVED_FILE_DIR)/Pods-EthereumKit-checkManifestLockResult.txt",
			);
			runOnlyForDeploymentPostprocessing = 0;
			shellPath = /bin/sh;
			shellScript = "diff \"${PODS_PODFILE_DIR_PATH}/Podfile.lock\" \"${PODS_ROOT}/Manifest.lock\" > /dev/null\nif [ $? != 0 ] ; then\n    # print error to STDERR\n    echo \"error: The sandbox is not in sync with the Podfile.lock. Run 'pod install' or update your CocoaPods installation.\" >&2\n    exit 1\nfi\n# This output is used by Xcode 'outputs' to avoid re-running this script phase.\necho \"SUCCESS\" > \"${SCRIPT_OUTPUT_FILE_0}\"\n";
			showEnvVarsInLog = 0;
		};
/* End PBXShellScriptBuildPhase section */

/* Begin PBXSourcesBuildPhase section */
		753A498126D46D4B005ACCF2 /* Sources */ = {
			isa = PBXSourcesBuildPhase;
			buildActionMask = 2147483647;
			files = (
				753A49AD26D47356005ACCF2 /* TransactionService.swift in Sources */,
				753A49B226D47356005ACCF2 /* InfoService.swift in Sources */,
				753A49B026D47356005ACCF2 /* AccountService.swift in Sources */,
				753A49AE26D47356005ACCF2 /* EtherCoordinator.swift in Sources */,
				753A49B126D47356005ACCF2 /* WalletError.swift in Sources */,
				753A49AF26D47356005ACCF2 /* BalanceService.swift in Sources */,
			);
			runOnlyForDeploymentPostprocessing = 0;
		};
/* End PBXSourcesBuildPhase section */

/* Begin XCBuildConfiguration section */
		753A498B26D46D4B005ACCF2 /* Debug */ = {
			isa = XCBuildConfiguration;
			buildSettings = {
				ALWAYS_SEARCH_USER_PATHS = NO;
				CLANG_ANALYZER_NONNULL = YES;
				CLANG_ANALYZER_NUMBER_OBJECT_CONVERSION = YES_AGGRESSIVE;
				CLANG_CXX_LANGUAGE_STANDARD = "gnu++14";
				CLANG_CXX_LIBRARY = "libc++";
				CLANG_ENABLE_MODULES = YES;
				CLANG_ENABLE_OBJC_ARC = YES;
				CLANG_ENABLE_OBJC_WEAK = YES;
				CLANG_WARN_BLOCK_CAPTURE_AUTORELEASING = YES;
				CLANG_WARN_BOOL_CONVERSION = YES;
				CLANG_WARN_COMMA = YES;
				CLANG_WARN_CONSTANT_CONVERSION = YES;
				CLANG_WARN_DEPRECATED_OBJC_IMPLEMENTATIONS = YES;
				CLANG_WARN_DIRECT_OBJC_ISA_USAGE = YES_ERROR;
				CLANG_WARN_DOCUMENTATION_COMMENTS = YES;
				CLANG_WARN_EMPTY_BODY = YES;
				CLANG_WARN_ENUM_CONVERSION = YES;
				CLANG_WARN_INFINITE_RECURSION = YES;
				CLANG_WARN_INT_CONVERSION = YES;
				CLANG_WARN_NON_LITERAL_NULL_CONVERSION = YES;
				CLANG_WARN_OBJC_IMPLICIT_RETAIN_SELF = YES;
				CLANG_WARN_OBJC_LITERAL_CONVERSION = YES;
				CLANG_WARN_OBJC_ROOT_CLASS = YES_ERROR;
				CLANG_WARN_QUOTED_INCLUDE_IN_FRAMEWORK_HEADER = YES;
				CLANG_WARN_RANGE_LOOP_ANALYSIS = YES;
				CLANG_WARN_STRICT_PROTOTYPES = YES;
				CLANG_WARN_SUSPICIOUS_MOVE = YES;
				CLANG_WARN_UNGUARDED_AVAILABILITY = YES_AGGRESSIVE;
				CLANG_WARN_UNREACHABLE_CODE = YES;
				CLANG_WARN__DUPLICATE_METHOD_MATCH = YES;
				COPY_PHASE_STRIP = NO;
				CURRENT_PROJECT_VERSION = 1;
				DEBUG_INFORMATION_FORMAT = dwarf;
				ENABLE_STRICT_OBJC_MSGSEND = YES;
				ENABLE_TESTABILITY = YES;
				GCC_C_LANGUAGE_STANDARD = gnu11;
				GCC_DYNAMIC_NO_PIC = NO;
				GCC_NO_COMMON_BLOCKS = YES;
				GCC_OPTIMIZATION_LEVEL = 0;
				GCC_PREPROCESSOR_DEFINITIONS = (
					"DEBUG=1",
					"$(inherited)",
				);
				GCC_WARN_64_TO_32_BIT_CONVERSION = YES;
				GCC_WARN_ABOUT_RETURN_TYPE = YES_ERROR;
				GCC_WARN_UNDECLARED_SELECTOR = YES;
				GCC_WARN_UNINITIALIZED_AUTOS = YES_AGGRESSIVE;
				GCC_WARN_UNUSED_FUNCTION = YES;
				GCC_WARN_UNUSED_VARIABLE = YES;
				IPHONEOS_DEPLOYMENT_TARGET = 14.0;
				MTL_ENABLE_DEBUG_INFO = INCLUDE_SOURCE;
				MTL_FAST_MATH = YES;
				ONLY_ACTIVE_ARCH = YES;
				SDKROOT = iphoneos;
				SWIFT_ACTIVE_COMPILATION_CONDITIONS = DEBUG;
				SWIFT_OPTIMIZATION_LEVEL = "-Onone";
				VERSIONING_SYSTEM = "apple-generic";
				VERSION_INFO_PREFIX = "";
			};
			name = Debug;
		};
		753A498C26D46D4B005ACCF2 /* Release */ = {
			isa = XCBuildConfiguration;
			buildSettings = {
				ALWAYS_SEARCH_USER_PATHS = NO;
				CLANG_ANALYZER_NONNULL = YES;
				CLANG_ANALYZER_NUMBER_OBJECT_CONVERSION = YES_AGGRESSIVE;
				CLANG_CXX_LANGUAGE_STANDARD = "gnu++14";
				CLANG_CXX_LIBRARY = "libc++";
				CLANG_ENABLE_MODULES = YES;
				CLANG_ENABLE_OBJC_ARC = YES;
				CLANG_ENABLE_OBJC_WEAK = YES;
				CLANG_WARN_BLOCK_CAPTURE_AUTORELEASING = YES;
				CLANG_WARN_BOOL_CONVERSION = YES;
				CLANG_WARN_COMMA = YES;
				CLANG_WARN_CONSTANT_CONVERSION = YES;
				CLANG_WARN_DEPRECATED_OBJC_IMPLEMENTATIONS = YES;
				CLANG_WARN_DIRECT_OBJC_ISA_USAGE = YES_ERROR;
				CLANG_WARN_DOCUMENTATION_COMMENTS = YES;
				CLANG_WARN_EMPTY_BODY = YES;
				CLANG_WARN_ENUM_CONVERSION = YES;
				CLANG_WARN_INFINITE_RECURSION = YES;
				CLANG_WARN_INT_CONVERSION = YES;
				CLANG_WARN_NON_LITERAL_NULL_CONVERSION = YES;
				CLANG_WARN_OBJC_IMPLICIT_RETAIN_SELF = YES;
				CLANG_WARN_OBJC_LITERAL_CONVERSION = YES;
				CLANG_WARN_OBJC_ROOT_CLASS = YES_ERROR;
				CLANG_WARN_QUOTED_INCLUDE_IN_FRAMEWORK_HEADER = YES;
				CLANG_WARN_RANGE_LOOP_ANALYSIS = YES;
				CLANG_WARN_STRICT_PROTOTYPES = YES;
				CLANG_WARN_SUSPICIOUS_MOVE = YES;
				CLANG_WARN_UNGUARDED_AVAILABILITY = YES_AGGRESSIVE;
				CLANG_WARN_UNREACHABLE_CODE = YES;
				CLANG_WARN__DUPLICATE_METHOD_MATCH = YES;
				COPY_PHASE_STRIP = NO;
				CURRENT_PROJECT_VERSION = 1;
				DEBUG_INFORMATION_FORMAT = "dwarf-with-dsym";
				ENABLE_NS_ASSERTIONS = NO;
				ENABLE_STRICT_OBJC_MSGSEND = YES;
				GCC_C_LANGUAGE_STANDARD = gnu11;
				GCC_NO_COMMON_BLOCKS = YES;
				GCC_WARN_64_TO_32_BIT_CONVERSION = YES;
				GCC_WARN_ABOUT_RETURN_TYPE = YES_ERROR;
				GCC_WARN_UNDECLARED_SELECTOR = YES;
				GCC_WARN_UNINITIALIZED_AUTOS = YES_AGGRESSIVE;
				GCC_WARN_UNUSED_FUNCTION = YES;
				GCC_WARN_UNUSED_VARIABLE = YES;
				IPHONEOS_DEPLOYMENT_TARGET = 14.0;
				MTL_ENABLE_DEBUG_INFO = NO;
				MTL_FAST_MATH = YES;
				SDKROOT = iphoneos;
				SWIFT_COMPILATION_MODE = wholemodule;
				SWIFT_OPTIMIZATION_LEVEL = "-O";
				VALIDATE_PRODUCT = YES;
				VERSIONING_SYSTEM = "apple-generic";
				VERSION_INFO_PREFIX = "";
			};
			name = Release;
		};
		753A498E26D46D4B005ACCF2 /* Debug */ = {
			isa = XCBuildConfiguration;
			baseConfigurationReference = 5A7FA8987AE7CD106638FAA9 /* Pods-EthereumKit.debug.xcconfig */;
			buildSettings = {
				CLANG_ENABLE_MODULES = YES;
				CODE_SIGN_STYLE = Automatic;
				DEFINES_MODULE = YES;
				DEVELOPMENT_TEAM = 2L3FY5AUSJ;
				DYLIB_COMPATIBILITY_VERSION = 1;
				DYLIB_CURRENT_VERSION = 1;
				DYLIB_INSTALL_NAME_BASE = "@rpath";
				INFOPLIST_FILE = EthereumKit/Info.plist;
				INSTALL_PATH = "$(LOCAL_LIBRARY_DIR)/Frameworks";
				LD_RUNPATH_SEARCH_PATHS = (
					"$(inherited)",
					"@executable_path/Frameworks",
					"@loader_path/Frameworks",
				);
				PRODUCT_BUNDLE_IDENTIFIER = ValentinoPalomba.EthereumKit;
				PRODUCT_NAME = "$(TARGET_NAME:c99extidentifier)";
				SKIP_INSTALL = YES;
				SWIFT_OPTIMIZATION_LEVEL = "-Onone";
				SWIFT_VERSION = 5.0;
				TARGETED_DEVICE_FAMILY = "1,2";
			};
			name = Debug;
		};
		753A498F26D46D4B005ACCF2 /* Release */ = {
			isa = XCBuildConfiguration;
			baseConfigurationReference = 0085A393308683C57E2F9B89 /* Pods-EthereumKit.release.xcconfig */;
			buildSettings = {
				CLANG_ENABLE_MODULES = YES;
				CODE_SIGN_STYLE = Automatic;
				DEFINES_MODULE = YES;
				DEVELOPMENT_TEAM = 2L3FY5AUSJ;
				DYLIB_COMPATIBILITY_VERSION = 1;
				DYLIB_CURRENT_VERSION = 1;
				DYLIB_INSTALL_NAME_BASE = "@rpath";
				INFOPLIST_FILE = EthereumKit/Info.plist;
				INSTALL_PATH = "$(LOCAL_LIBRARY_DIR)/Frameworks";
				LD_RUNPATH_SEARCH_PATHS = (
					"$(inherited)",
					"@executable_path/Frameworks",
					"@loader_path/Frameworks",
				);
				PRODUCT_BUNDLE_IDENTIFIER = ValentinoPalomba.EthereumKit;
				PRODUCT_NAME = "$(TARGET_NAME:c99extidentifier)";
				SKIP_INSTALL = YES;
				SWIFT_VERSION = 5.0;
				TARGETED_DEVICE_FAMILY = "1,2";
			};
			name = Release;
		};
/* End XCBuildConfiguration section */

/* Begin XCConfigurationList section */
		753A497F26D46D4B005ACCF2 /* Build configuration list for PBXProject "EthereumKit" */ = {
			isa = XCConfigurationList;
			buildConfigurations = (
				753A498B26D46D4B005ACCF2 /* Debug */,
				753A498C26D46D4B005ACCF2 /* Release */,
			);
			defaultConfigurationIsVisible = 0;
			defaultConfigurationName = Release;
		};
		753A498D26D46D4B005ACCF2 /* Build configuration list for PBXNativeTarget "EthereumKit" */ = {
			isa = XCConfigurationList;
			buildConfigurations = (
				753A498E26D46D4B005ACCF2 /* Debug */,
				753A498F26D46D4B005ACCF2 /* Release */,
			);
			defaultConfigurationIsVisible = 0;
			defaultConfigurationName = Release;
		};
/* End XCConfigurationList section */
	};
	rootObject = 753A497C26D46D4B005ACCF2 /* Project object */;
}
